github.com/qitoy/github-style v0.0.0-20240426175537-e034ab078a53 h1:0j9ISFmWI7K5hetF8cNq0f7qTBm48+O6EsI3N5Y3s68=
github.com/qitoy/github-style v0.0.0-20240426175537-e034ab078a53/go.mod h1:qd5YTS6Fm5xvRloSAQ3XsSimxdIq2fqxCfAZzqgqVJ4=
github.com/sytranvn/hugo-pdf v1.1.0 h1:mnC9HqGnsZMQvJ/DmhSO+QkPJX6Y2A/pMg31UF7PHiY=
github.com/sytranvn/hugo-pdf v1.1.0/go.mod h1:0daeyEiF+LnA9YVUICiTO2YlNrNPpGwxI0kp+QvJQi4=
